
Microsoft Visual Studio Solution File, Format Version 12.00
# Visual Studio Version 17
VisualStudioVersion = 17.9.34723.18
MinimumVisualStudioVersion = 10.0.40219.1
Project("{FAE04EC0-301F-11D3-BF4B-00C04F79EFBC}") = "ProyAI_MVC", "ProyAI_MVC.csproj", "{9736ABE5-52D9-4FBE-9E4D-465893A94FEE}"
EndProject
Global
	GlobalSection(SolutionConfigurationPlatforms) = preSolution
		Debug|Any CPU = Debug|Any CPU
		Release|Any CPU = Release|Any CPU
	EndGlobalSection
	GlobalSection(ProjectConfigurationPlatforms) = postSolution
		{9736ABE5-52D9-4FBE-9E4D-465893A94FEE}.Debug|Any CPU.ActiveCfg = Debug|Any CPU
		{9736ABE5-52D9-4FBE-9E4D-465893A94FEE}.Debug|Any CPU.Build.0 = Debug|Any CPU
		{9736ABE5-52D9-4FBE-9E4D-465893A94FEE}.Release|Any CPU.ActiveCfg = Release|Any CPU
		{9736ABE5-52D9-4FBE-9E4D-465893A94FEE}.Release|Any CPU.Build.0 = Release|Any CPU
	EndGlobalSection
	GlobalSection(SolutionProperties) = preSolution
		HideSolutionNode = FALSE
	EndGlobalSection
	GlobalSection(ExtensibilityGlobals) = postSolution
		SolutionGuid = {F091C508-4D55-4D21-A8B1-007F763CF593}
	EndGlobalSection
EndGlobal
